
Microsoft Visual Studio Solution File, Format Version 12.00
# Visual Studio Version 17
VisualStudioVersion = 17.14.36429.23 d17.14
MinimumVisualStudioVersion = 10.0.40219.1
Project("{F184B08F-C81C-45F6-A57F-5ABD9991F28F}") = "ExIVA", "ExIVA.vbproj", "{755B1A74-920B-43DE-8B65-561BCBB10F28}"
EndProject
Global
	GlobalSection(SolutionConfigurationPlatforms) = preSolution
		Debug|Any CPU = Debug|Any CPU
		Release|Any CPU = Release|Any CPU
	EndGlobalSection
	GlobalSection(ProjectConfigurationPlatforms) = postSolution
		{755B1A74-920B-43DE-8B65-561BCBB10F28}.Debug|Any CPU.ActiveCfg = Debug|Any CPU
		{755B1A74-920B-43DE-8B65-561BCBB10F28}.Debug|Any CPU.Build.0 = Debug|Any CPU
		{755B1A74-920B-43DE-8B65-561BCBB10F28}.Release|Any CPU.ActiveCfg = Release|Any CPU
		{755B1A74-920B-43DE-8B65-561BCBB10F28}.Release|Any CPU.Build.0 = Release|Any CPU
	EndGlobalSection
	GlobalSection(SolutionProperties) = preSolution
		HideSolutionNode = FALSE
	EndGlobalSection
	GlobalSection(ExtensibilityGlobals) = postSolution
		SolutionGuid = {0958ABC0-B150-446B-8C9C-2D07890D64E5}
	EndGlobalSection
EndGlobal
